
Microsoft Visual Studio Solution File, Format Version 12.00
# Visual Studio Version 16
VisualStudioVersion = 16.0.28803.452
MinimumVisualStudioVersion = 10.0.40219.1
Project("{FAE04EC0-301F-11D3-BF4B-00C04F79EFBC}") = "rbt", "rbt\rbt.csproj", "{232B8641-6792-4C3A-BE95-5B3985073B49}"
EndProject
Global
	GlobalSection(SolutionConfigurationPlatforms) = preSolution
		Debug|Any CPU = Debug|Any CPU
		Release|Any CPU = Release|Any CPU
	EndGlobalSection
	GlobalSection(ProjectConfigurationPlatforms) = postSolution
		{232B8641-6792-4C3A-BE95-5B3985073B49}.Debug|Any CPU.ActiveCfg = Debug|Any CPU
		{232B8641-6792-4C3A-BE95-5B3985073B49}.Debug|Any CPU.Build.0 = Debug|Any CPU
		{232B8641-6792-4C3A-BE95-5B3985073B49}.Release|Any CPU.ActiveCfg = Release|Any CPU
		{232B8641-6792-4C3A-BE95-5B3985073B49}.Release|Any CPU.Build.0 = Release|Any CPU
	EndGlobalSection
	GlobalSection(SolutionProperties) = preSolution
		HideSolutionNode = FALSE
	EndGlobalSection
	GlobalSection(ExtensibilityGlobals) = postSolution
		SolutionGuid = {798A56C4-8901-42EF-B422-D21A72BA1609}
	EndGlobalSection
EndGlobal
